// !$*UTF8*$!
{
	archiveVersion = 1;
	classes = {
	};
	objectVersion = 48;
	objects = {

/* Begin PBXBuildFile section */
		DFE2E3A61FEBD87A0075E196 /* AppDelegate.m in Sources */ = {isa = PBXBuildFile; fileRef = DFE2E3A51FEBD87A0075E196 /* AppDelegate.m */; };
		DFE2E3A81FEBD87A0075E196 /* Assets.xcassets in Resources */ = {isa = PBXBuildFile; fileRef = DFE2E3A71FEBD87A0075E196 /* Assets.xcassets */; };
		DFE2E3AB1FEBD87A0075E196 /* MainMenu.xib in Resources */ = {isa = PBXBuildFile; fileRef = DFE2E3A91FEBD87A0075E196 /* MainMenu.xib */; };
		DFE2E3AE1FEBD87A0075E196 /* main.m in Sources */ = {isa = PBXBuildFile; fileRef = DFE2E3AD1FEBD87A0075E196 /* main.m */; };
		DFE2E3B71FEBD8940075E196 /* IOSurface.framework in Frameworks */ = {isa = PBXBuildFile; fileRef = DFE2E3B61FEBD8940075E196 /* IOSurface.framework */; };
		DFE2E3B91FEBD89C0075E196 /* QuartzCore.framework in Frameworks */ = {isa = PBXBuildFile; fileRef = DFE2E3B81FEBD89C0075E196 /* QuartzCore.framework */; };
		DFE2E3BB1FEBD8A20075E196 /* Cocoa.framework in Frameworks */ = {isa = PBXBuildFile; fileRef = DFE2E3BA1FEBD8A20075E196 /* Cocoa.framework */; };
		DFE2E3BD1FEBD8A90075E196 /* OpenGL.framework in Frameworks */ = {isa = PBXBuildFile; fileRef = DFE2E3BC1FEBD8A90075E196 /* OpenGL.framework */; };
		DFE2E3C51FEBDEB90075E196 /* WindowDelegate.m in Sources */ = {isa = PBXBuildFile; fileRef = DFE2E3C41FEBDEB90075E196 /* WindowDelegate.m */; };
		DFE2E3CD1FEBE2C60075E196 /* OpenGLContextView.m in Sources */ = {isa = PBXBuildFile; fileRef = DFE2E3CC1FEBE2C60075E196 /* OpenGLContextView.m */; };
		DFE2E3D01FEBEDB20075E196 /* OpenGLDrawer.m in Sources */ = {isa = PBXBuildFile; fileRef = DFE2E3CF1FEBEDB20075E196 /* OpenGLDrawer.m */; };
		DFE2E3D31FEC03350075E196 /* VSyncListener.m in Sources */ = {isa = PBXBuildFile; fileRef = DFE2E3D21FEC03350075E196 /* VSyncListener.m */; };
/* End PBXBuildFile section */

/* Begin PBXFileReference section */
		DFE2E3A11FEBD87A0075E196 /* IOSurface compositing.app */ = {isa = PBXFileReference; explicitFileType = wrapper.application; includeInIndex = 0; path = "IOSurface compositing.app"; sourceTree = BUILT_PRODUCTS_DIR; };
		DFE2E3A41FEBD87A0075E196 /* AppDelegate.h */ = {isa = PBXFileReference; lastKnownFileType = sourcecode.c.h; path = AppDelegate.h; sourceTree = "<group>"; };
		DFE2E3A51FEBD87A0075E196 /* AppDelegate.m */ = {isa = PBXFileReference; lastKnownFileType = sourcecode.c.objc; path = AppDelegate.m; sourceTree = "<group>"; };
		DFE2E3A71FEBD87A0075E196 /* Assets.xcassets */ = {isa = PBXFileReference; lastKnownFileType = folder.assetcatalog; path = Assets.xcassets; sourceTree = "<group>"; };
		DFE2E3AA1FEBD87A0075E196 /* Base */ = {isa = PBXFileReference; lastKnownFileType = file.xib; name = Base; path = Base.lproj/MainMenu.xib; sourceTree = "<group>"; };
		DFE2E3AC1FEBD87A0075E196 /* Info.plist */ = {isa = PBXFileReference; lastKnownFileType = text.plist.xml; path = Info.plist; sourceTree = "<group>"; };
		DFE2E3AD1FEBD87A0075E196 /* main.m */ = {isa = PBXFileReference; lastKnownFileType = sourcecode.c.objc; path = main.m; sourceTree = "<group>"; };
		DFE2E3AF1FEBD87A0075E196 /* iosurface_compositing.entitlements */ = {isa = PBXFileReference; lastKnownFileType = text.plist.entitlements; path = iosurface_compositing.entitlements; sourceTree = "<group>"; };
		DFE2E3B61FEBD8940075E196 /* IOSurface.framework */ = {isa = PBXFileReference; lastKnownFileType = wrapper.framework; name = IOSurface.framework; path = System/Library/Frameworks/IOSurface.framework; sourceTree = SDKROOT; };
		DFE2E3B81FEBD89C0075E196 /* QuartzCore.framework */ = {isa = PBXFileReference; lastKnownFileType = wrapper.framework; name = QuartzCore.framework; path = System/Library/Frameworks/QuartzCore.framework; sourceTree = SDKROOT; };
		DFE2E3BA1FEBD8A20075E196 /* Cocoa.framework */ = {isa = PBXFileReference; lastKnownFileType = wrapper.framework; name = Cocoa.framework; path = System/Library/Frameworks/Cocoa.framework; sourceTree = SDKROOT; };
		DFE2E3BC1FEBD8A90075E196 /* OpenGL.framework */ = {isa = PBXFileReference; lastKnownFileType = wrapper.framework; name = OpenGL.framework; path = System/Library/Frameworks/OpenGL.framework; sourceTree = SDKROOT; };
		DFE2E3C31FEBDEB90075E196 /* WindowDelegate.h */ = {isa = PBXFileReference; lastKnownFileType = sourcecode.c.h; path = WindowDelegate.h; sourceTree = "<group>"; };
		DFE2E3C41FEBDEB90075E196 /* WindowDelegate.m */ = {isa = PBXFileReference; lastKnownFileType = sourcecode.c.objc; path = WindowDelegate.m; sourceTree = "<group>"; };
		DFE2E3CB1FEBE2C60075E196 /* OpenGLContextView.h */ = {isa = PBXFileReference; lastKnownFileType = sourcecode.c.h; path = OpenGLContextView.h; sourceTree = "<group>"; };
		DFE2E3CC1FEBE2C60075E196 /* OpenGLContextView.m */ = {isa = PBXFileReference; lastKnownFileType = sourcecode.c.objc; path = OpenGLContextView.m; sourceTree = "<group>"; };
		DFE2E3CE1FEBEDB20075E196 /* OpenGLDrawer.h */ = {isa = PBXFileReference; lastKnownFileType = sourcecode.c.h; path = OpenGLDrawer.h; sourceTree = "<group>"; };
		DFE2E3CF1FEBEDB20075E196 /* OpenGLDrawer.m */ = {isa = PBXFileReference; lastKnownFileType = sourcecode.c.objc; path = OpenGLDrawer.m; sourceTree = "<group>"; };
		DFE2E3D11FEC03350075E196 /* VSyncListener.h */ = {isa = PBXFileReference; lastKnownFileType = sourcecode.c.h; path = VSyncListener.h; sourceTree = "<group>"; };
		DFE2E3D21FEC03350075E196 /* VSyncListener.m */ = {isa = PBXFileReference; lastKnownFileType = sourcecode.c.objc; path = VSyncListener.m; sourceTree = "<group>"; };
/* End PBXFileReference section */

/* Begin PBXFrameworksBuildPhase section */
		DFE2E39E1FEBD87A0075E196 /* Frameworks */ = {
			isa = PBXFrameworksBuildPhase;
			buildActionMask = 2147483647;
			files = (
				DFE2E3BD1FEBD8A90075E196 /* OpenGL.framework in Frameworks */,
				DFE2E3BB1FEBD8A20075E196 /* Cocoa.framework in Frameworks */,
				DFE2E3B91FEBD89C0075E196 /* QuartzCore.framework in Frameworks */,
				DFE2E3B71FEBD8940075E196 /* IOSurface.framework in Frameworks */,
			);
			runOnlyForDeploymentPostprocessing = 0;
		};
/* End PBXFrameworksBuildPhase section */

/* Begin PBXGroup section */
		DFE2E3981FEBD87A0075E196 = {
			isa = PBXGroup;
			children = (
				DFE2E3A31FEBD87A0075E196 /* iosurface-compositing */,
				DFE2E3A21FEBD87A0075E196 /* Products */,
				DFE2E3B51FEBD8930075E196 /* Frameworks */,
			);
			sourceTree = "<group>";
		};
		DFE2E3A21FEBD87A0075E196 /* Products */ = {
			isa = PBXGroup;
			children = (
				DFE2E3A11FEBD87A0075E196 /* IOSurface compositing.app */,
			);
			name = Products;
			sourceTree = "<group>";
		};
		DFE2E3A31FEBD87A0075E196 /* iosurface-compositing */ = {
			isa = PBXGroup;
			children = (
				DFE2E3A41FEBD87A0075E196 /* AppDelegate.h */,
				DFE2E3A51FEBD87A0075E196 /* AppDelegate.m */,
				DFE2E3CB1FEBE2C60075E196 /* OpenGLContextView.h */,
				DFE2E3CC1FEBE2C60075E196 /* OpenGLContextView.m */,
				DFE2E3D11FEC03350075E196 /* VSyncListener.h */,
				DFE2E3D21FEC03350075E196 /* VSyncListener.m */,
				DFE2E3CE1FEBEDB20075E196 /* OpenGLDrawer.h */,
				DFE2E3CF1FEBEDB20075E196 /* OpenGLDrawer.m */,
				DFE2E3A71FEBD87A0075E196 /* Assets.xcassets */,
				DFE2E3A91FEBD87A0075E196 /* MainMenu.xib */,
				DFE2E3C31FEBDEB90075E196 /* WindowDelegate.h */,
				DFE2E3C41FEBDEB90075E196 /* WindowDelegate.m */,
				DFE2E3AC1FEBD87A0075E196 /* Info.plist */,
				DFE2E3AD1FEBD87A0075E196 /* main.m */,
				DFE2E3AF1FEBD87A0075E196 /* iosurface_compositing.entitlements */,
			);
			path = "iosurface-compositing";
			sourceTree = "<group>";
		};
		DFE2E3B51FEBD8930075E196 /* Frameworks */ = {
			isa = PBXGroup;
			children = (
				DFE2E3BC1FEBD8A90075E196 /* OpenGL.framework */,
				DFE2E3BA1FEBD8A20075E196 /* Cocoa.framework */,
				DFE2E3B81FEBD89C0075E196 /* QuartzCore.framework */,
				DFE2E3B61FEBD8940075E196 /* IOSurface.framework */,
			);
			name = Frameworks;
			sourceTree = "<group>";
		};
/* End PBXGroup section */

/* Begin PBXNativeTarget section */
		DFE2E3A01FEBD87A0075E196 /* IOSurface compositing */ = {
			isa = PBXNativeTarget;
			buildConfigurationList = DFE2E3B21FEBD87A0075E196 /* Build configuration list for PBXNativeTarget "IOSurface compositing" */;
			buildPhases = (
				DFE2E39D1FEBD87A0075E196 /* Sources */,
				DFE2E39E1FEBD87A0075E196 /* Frameworks */,
				DFE2E39F1FEBD87A0075E196 /* Resources */,
			);
			buildRules = (
			);
			dependencies = (
			);
			name = "IOSurface compositing";
			productName = "iosurface-compositing";
			productReference = DFE2E3A11FEBD87A0075E196 /* IOSurface compositing.app */;
			productType = "com.apple.product-type.application";
		};
/* End PBXNativeTarget section */

/* Begin PBXProject section */
		DFE2E3991FEBD87A0075E196 /* Project object */ = {
			isa = PBXProject;
			attributes = {
				LastUpgradeCheck = 0920;
				ORGANIZATIONNAME = "Markus Stange";
				TargetAttributes = {
					DFE2E3A01FEBD87A0075E196 = {
						CreatedOnToolsVersion = 9.2;
						ProvisioningStyle = Automatic;
					};
				};
			};
			buildConfigurationList = DFE2E39C1FEBD87A0075E196 /* Build configuration list for PBXProject "IOSurface compositing" */;
			compatibilityVersion = "Xcode 8.0";
			developmentRegion = en;
			hasScannedForEncodings = 0;
			knownRegions = (
				en,
				Base,
			);
			mainGroup = DFE2E3981FEBD87A0075E196;
			productRefGroup = DFE2E3A21FEBD87A0075E196 /* Products */;
			projectDirPath = "";
			projectRoot = "";
			targets = (
				DFE2E3A01FEBD87A0075E196 /* IOSurface compositing */,
			);
		};
/* End PBXProject section */

/* Begin PBXResourcesBuildPhase section */
		DFE2E39F1FEBD87A0075E196 /* Resources */ = {
			isa = PBXResourcesBuildPhase;
			buildActionMask = 2147483647;
			files = (
				DFE2E3A81FEBD87A0075E196 /* Assets.xcassets in Resources */,
				DFE2E3AB1FEBD87A0075E196 /* MainMenu.xib in Resources */,
			);
			runOnlyForDeploymentPostprocessing = 0;
		};
/* End PBXResourcesBuildPhase section */

/* Begin PBXSourcesBuildPhase section */
		DFE2E39D1FEBD87A0075E196 /* Sources */ = {
			isa = PBXSourcesBuildPhase;
			buildActionMask = 2147483647;
			files = (
				DFE2E3AE1FEBD87A0075E196 /* main.m in Sources */,
				DFE2E3C51FEBDEB90075E196 /* WindowDelegate.m in Sources */,
				DFE2E3D01FEBEDB20075E196 /* OpenGLDrawer.m in Sources */,
				DFE2E3D31FEC03350075E196 /* VSyncListener.m in Sources */,
				DFE2E3A61FEBD87A0075E196 /* AppDelegate.m in Sources */,
				DFE2E3CD1FEBE2C60075E196 /* OpenGLContextView.m in Sources */,
			);
			runOnlyForDeploymentPostprocessing = 0;
		};
/* End PBXSourcesBuildPhase section */

/* Begin PBXVariantGroup section */
		DFE2E3A91FEBD87A0075E196 /* MainMenu.xib */ = {
			isa = PBXVariantGroup;
			children = (
				DFE2E3AA1FEBD87A0075E196 /* Base */,
			);
			name = MainMenu.xib;
			sourceTree = "<group>";
		};
/* End PBXVariantGroup section */

/* Begin XCBuildConfiguration section */
		DFE2E3B01FEBD87A0075E196 /* Debug */ = {
			isa = XCBuildConfiguration;
			buildSettings = {
				ALWAYS_SEARCH_USER_PATHS = NO;
				CLANG_ANALYZER_NONNULL = YES;
				CLANG_ANALYZER_NUMBER_OBJECT_CONVERSION = YES_AGGRESSIVE;
				CLANG_CXX_LANGUAGE_STANDARD = "gnu++14";
				CLANG_CXX_LIBRARY = "libc++";
				CLANG_ENABLE_MODULES = YES;
				CLANG_ENABLE_OBJC_ARC = YES;
				CLANG_WARN_BLOCK_CAPTURE_AUTORELEASING = YES;
				CLANG_WARN_BOOL_CONVERSION = YES;
				CLANG_WARN_COMMA = YES;
				CLANG_WARN_CONSTANT_CONVERSION = YES;
				CLANG_WARN_DIRECT_OBJC_ISA_USAGE = YES_ERROR;
				CLANG_WARN_DOCUMENTATION_COMMENTS = YES;
				CLANG_WARN_EMPTY_BODY = YES;
				CLANG_WARN_ENUM_CONVERSION = YES;
				CLANG_WARN_INFINITE_RECURSION = YES;
				CLANG_WARN_INT_CONVERSION = YES;
				CLANG_WARN_NON_LITERAL_NULL_CONVERSION = YES;
				CLANG_WARN_OBJC_LITERAL_CONVERSION = YES;
				CLANG_WARN_OBJC_ROOT_CLASS = YES_ERROR;
				CLANG_WARN_RANGE_LOOP_ANALYSIS = YES;
				CLANG_WARN_STRICT_PROTOTYPES = YES;
				CLANG_WARN_SUSPICIOUS_MOVE = YES;
				CLANG_WARN_UNGUARDED_AVAILABILITY = YES_AGGRESSIVE;
				CLANG_WARN_UNREACHABLE_CODE = YES;
				CLANG_WARN__DUPLICATE_METHOD_MATCH = YES;
				CODE_SIGN_IDENTITY = "-";
				COPY_PHASE_STRIP = NO;
				DEBUG_INFORMATION_FORMAT = dwarf;
				ENABLE_STRICT_OBJC_MSGSEND = YES;
				ENABLE_TESTABILITY = YES;
				GCC_C_LANGUAGE_STANDARD = gnu11;
				GCC_DYNAMIC_NO_PIC = NO;
				GCC_NO_COMMON_BLOCKS = YES;
				GCC_OPTIMIZATION_LEVEL = 0;
				GCC_PREPROCESSOR_DEFINITIONS = (
					"DEBUG=1",
					"$(inherited)",
				);
				GCC_WARN_64_TO_32_BIT_CONVERSION = YES;
				GCC_WARN_ABOUT_RETURN_TYPE = YES_ERROR;
				GCC_WARN_UNDECLARED_SELECTOR = YES;
				GCC_WARN_UNINITIALIZED_AUTOS = YES_AGGRESSIVE;
				GCC_WARN_UNUSED_FUNCTION = YES;
				GCC_WARN_UNUSED_VARIABLE = YES;
				MACOSX_DEPLOYMENT_TARGET = 10.12;
				MTL_ENABLE_DEBUG_INFO = YES;
				ONLY_ACTIVE_ARCH = YES;
				SDKROOT = macosx;
			};
			name = Debug;
		};
		DFE2E3B11FEBD87A0075E196 /* Release */ = {
			isa = XCBuildConfiguration;
			buildSettings = {
				ALWAYS_SEARCH_USER_PATHS = NO;
				CLANG_ANALYZER_NONNULL = YES;
				CLANG_ANALYZER_NUMBER_OBJECT_CONVERSION = YES_AGGRESSIVE;
				CLANG_CXX_LANGUAGE_STANDARD = "gnu++14";
				CLANG_CXX_LIBRARY = "libc++";
				CLANG_ENABLE_MODULES = YES;
				CLANG_ENABLE_OBJC_ARC = YES;
				CLANG_WARN_BLOCK_CAPTURE_AUTORELEASING = YES;
				CLANG_WARN_BOOL_CONVERSION = YES;
				CLANG_WARN_COMMA = YES;
				CLANG_WARN_CONSTANT_CONVERSION = YES;
				CLANG_WARN_DIRECT_OBJC_ISA_USAGE = YES_ERROR;
				CLANG_WARN_DOCUMENTATION_COMMENTS = YES;
				CLANG_WARN_EMPTY_BODY = YES;
				CLANG_WARN_ENUM_CONVERSION = YES;
				CLANG_WARN_INFINITE_RECURSION = YES;
				CLANG_WARN_INT_CONVERSION = YES;
				CLANG_WARN_NON_LITERAL_NULL_CONVERSION = YES;
				CLANG_WARN_OBJC_LITERAL_CONVERSION = YES;
				CLANG_WARN_OBJC_ROOT_CLASS = YES_ERROR;
				CLANG_WARN_RANGE_LOOP_ANALYSIS = YES;
				CLANG_WARN_STRICT_PROTOTYPES = YES;
				CLANG_WARN_SUSPICIOUS_MOVE = YES;
				CLANG_WARN_UNGUARDED_AVAILABILITY = YES_AGGRESSIVE;
				CLANG_WARN_UNREACHABLE_CODE = YES;
				CLANG_WARN__DUPLICATE_METHOD_MATCH = YES;
				CODE_SIGN_IDENTITY = "-";
				COPY_PHASE_STRIP = NO;
				DEBUG_INFORMATION_FORMAT = "dwarf-with-dsym";
				ENABLE_NS_ASSERTIONS = NO;
				ENABLE_STRICT_OBJC_MSGSEND = YES;
				GCC_C_LANGUAGE_STANDARD = gnu11;
				GCC_NO_COMMON_BLOCKS = YES;
				GCC_WARN_64_TO_32_BIT_CONVERSION = YES;
				GCC_WARN_ABOUT_RETURN_TYPE = YES_ERROR;
				GCC_WARN_UNDECLARED_SELECTOR = YES;
				GCC_WARN_UNINITIALIZED_AUTOS = YES_AGGRESSIVE;
				GCC_WARN_UNUSED_FUNCTION = YES;
				GCC_WARN_UNUSED_VARIABLE = YES;
				MACOSX_DEPLOYMENT_TARGET = 10.12;
				MTL_ENABLE_DEBUG_INFO = NO;
				SDKROOT = macosx;
			};
			name = Release;
		};
		DFE2E3B31FEBD87A0075E196 /* Debug */ = {
			isa = XCBuildConfiguration;
			buildSettings = {
				ASSETCATALOG_COMPILER_APPICON_NAME = AppIcon;
				CLANG_ENABLE_OBJC_ARC = NO;
				CODE_SIGN_ENTITLEMENTS = "iosurface-compositing/iosurface_compositing.entitlements";
				CODE_SIGN_STYLE = Automatic;
				COMBINE_HIDPI_IMAGES = YES;
				INFOPLIST_FILE = "iosurface-compositing/Info.plist";
				LD_RUNPATH_SEARCH_PATHS = "$(inherited) @executable_path/../Frameworks";
				MACOSX_DEPLOYMENT_TARGET = 10.10;
				PRODUCT_BUNDLE_IDENTIFIER = "org.mozilla.iosurface-compositing";
				PRODUCT_NAME = "$(TARGET_NAME)";
			};
			name = Debug;
		};
		DFE2E3B41FEBD87A0075E196 /* Release */ = {
			isa = XCBuildConfiguration;
			buildSettings = {
				ASSETCATALOG_COMPILER_APPICON_NAME = AppIcon;
				CLANG_ENABLE_OBJC_ARC = NO;
				CODE_SIGN_ENTITLEMENTS = "iosurface-compositing/iosurface_compositing.entitlements";
				CODE_SIGN_STYLE = Automatic;
				COMBINE_HIDPI_IMAGES = YES;
				INFOPLIST_FILE = "iosurface-compositing/Info.plist";
				LD_RUNPATH_SEARCH_PATHS = "$(inherited) @executable_path/../Frameworks";
				MACOSX_DEPLOYMENT_TARGET = 10.10;
				PRODUCT_BUNDLE_IDENTIFIER = "org.mozilla.iosurface-compositing";
				PRODUCT_NAME = "$(TARGET_NAME)";
			};
			name = Release;
		};
/* End XCBuildConfiguration section */

/* Begin XCConfigurationList section */
		DFE2E39C1FEBD87A0075E196 /* Build configuration list for PBXProject "IOSurface compositing" */ = {
			isa = XCConfigurationList;
			buildConfigurations = (
				DFE2E3B01FEBD87A0075E196 /* Debug */,
				DFE2E3B11FEBD87A0075E196 /* Release */,
			);
			defaultConfigurationIsVisible = 0;
			defaultConfigurationName = Release;
		};
		DFE2E3B21FEBD87A0075E196 /* Build configuration list for PBXNativeTarget "IOSurface compositing" */ = {
			isa = XCConfigurationList;
			buildConfigurations = (
				DFE2E3B31FEBD87A0075E196 /* Debug */,
				DFE2E3B41FEBD87A0075E196 /* Release */,
			);
			defaultConfigurationIsVisible = 0;
			defaultConfigurationName = Release;
		};
/* End XCConfigurationList section */
	};
	rootObject = DFE2E3991FEBD87A0075E196 /* Project object */;
}
